
Microsoft Visual Studio Solution File, Format Version 12.00
# Visual Studio Version 17
VisualStudioVersion = 17.6.33829.357
MinimumVisualStudioVersion = 10.0.40219.1
Project("{9A19103F-16F7-4668-BE54-9A1E7A4F7556}") = "Workneering.Geteway", "src\Workneering.Geteway\Workneering.Geteway.csproj", "{ACA3A89D-2354-4803-8638-6F56B22F4A17}"
EndProject
Project("{2150E333-8FDC-42A3-9474-1A3956D46DE8}") = "Workneering.Base", "Workneering.Base", "{41EB3396-4B79-4448-BC99-6ECCCB3723A2}"
EndProject
Project("{9A19103F-16F7-4668-BE54-9A1E7A4F7556}") = "Workneering.Base.API", "src\Workneering.Base.API\Workneering.Base.API.csproj", "{71C95F04-91A7-40B9-AA80-B8880D6A5D43}"
EndProject
Project("{9A19103F-16F7-4668-BE54-9A1E7A4F7556}") = "Workneering.Base.Application", "src\Workneering.Base.Application\Workneering.Base.Application.csproj", "{78E2E7CB-FF08-4191-8D59-89579C4275F1}"
EndProject
Project("{9A19103F-16F7-4668-BE54-9A1E7A4F7556}") = "Workneering.Base.Domain", "src\Workneering.Base.Domain\Workneering.Base.Domain.csproj", "{E331DB9B-DBB4-4B61-B375-E8859C4F5FF6}"
EndProject
Project("{9A19103F-16F7-4668-BE54-9A1E7A4F7556}") = "Workneering.Base.Helpers", "src\Workneering.Base.Helpers\Workneering.Base.Helpers.csproj", "{034B0536-18DA-43B5-8102-9445C010E314}"
EndProject
Project("{9A19103F-16F7-4668-BE54-9A1E7A4F7556}") = "Workneering.Base.Infrastructure", "src\Workneering.Base.Infrastructure\Workneering.Base.Infrastructure.csproj", "{02CD3F06-1414-4ECF-AF37-47ABD8888849}"
EndProject
Project("{2150E333-8FDC-42A3-9474-1A3956D46DE8}") = "Workneering.Packages", "Workneering.Packages", "{F6C93FD1-C8FE-4EEC-AD21-C5A7A3127998}"
EndProject
Project("{2150E333-8FDC-42A3-9474-1A3956D46DE8}") = "Workneering.Modulars", "Workneering.Modulars", "{162983B8-BB33-43D9-BBFB-F4CD03BA5E0A}"
EndProject
Project("{2150E333-8FDC-42A3-9474-1A3956D46DE8}") = "Workneering.Identity", "Workneering.Identity", "{F5A114BF-BCC6-4478-85EA-8405ABA08AA7}"
EndProject
Project("{9A19103F-16F7-4668-BE54-9A1E7A4F7556}") = "Workneering.Identity.API", "src\Workneering.Identity.API\Workneering.Identity.API.csproj", "{9AD82F6F-7F53-47A4-BE43-DFBC4AF8AA3A}"
EndProject
Project("{9A19103F-16F7-4668-BE54-9A1E7A4F7556}") = "Workneering.Identity.Application", "src\Workneering.Identity.Application\Workneering.Identity.Application.csproj", "{DC2238D9-B015-4E8F-9279-0898EA29837F}"
EndProject
Project("{9A19103F-16F7-4668-BE54-9A1E7A4F7556}") = "Workneering.Identity.Domain", "src\Workneering.Identity.Domain\Workneering.Identity.Domain.csproj", "{CD924164-5DFE-46FE-B1E8-3D1BFA03D397}"
EndProject
Project("{9A19103F-16F7-4668-BE54-9A1E7A4F7556}") = "Workneering.Identity.Infrastructure", "src\Workneering.Identity.Infrastructure\Workneering.Identity.Infrastructure.csproj", "{8C98BEC9-A04C-4DAF-95BA-BC45D5AD69F5}"
EndProject
Project("{2150E333-8FDC-42A3-9474-1A3956D46DE8}") = "Workneering.User", "Workneering.User", "{C89D68C4-1CE9-4A89-BE6A-BAC5E1E420EF}"
EndProject
Project("{9A19103F-16F7-4668-BE54-9A1E7A4F7556}") = "Workneering.Packages.MessageQueuing.RabbitMQ", "src\Workneering.Packages.MessageQueuing.RabbitMQ\Workneering.Packages.MessageQueuing.RabbitMQ\Workneering.Packages.MessageQueuing.RabbitMQ.csproj", "{90ABEFDC-61B8-4FCB-85DD-6B6EEF3CC8EE}"
EndProject
Project("{9A19103F-16F7-4668-BE54-9A1E7A4F7556}") = "Workneering.Packages.Hangfire", "src\Workneering.Packages.Hangfire\Workneering.Packages.Hangfire.csproj", "{52BC86D2-9DBC-4A9E-9B68-8809AB5B7341}"
EndProject
Project("{9A19103F-16F7-4668-BE54-9A1E7A4F7556}") = "Workneering.User.API", "src\Workneering.User.API\Workneering.User.API.csproj", "{520FA36E-2EE7-41AE-847D-9857EFC7F264}"
EndProject
Project("{2150E333-8FDC-42A3-9474-1A3956D46DE8}") = "Workneering.Shared", "Workneering.Shared", "{F89DE1BA-C415-4E70-B9B6-650C0DF9842F}"
EndProject
Project("{9A19103F-16F7-4668-BE54-9A1E7A4F7556}") = "Workneering.Shared.Core", "src\Workneering.Shared.Core\Workneering.Shared.Core.csproj", "{DFEABFF3-E25C-47E0-BA4F-C62E75EB0EC9}"
EndProject
Project("{9A19103F-16F7-4668-BE54-9A1E7A4F7556}") = "Workneering.User.Application", "src\Workneering.User.Application\Workneering.User.Application.csproj", "{F5AEDC3A-6C98-4FFD-A124-EADFDB2C8E83}"
EndProject
Project("{9A19103F-16F7-4668-BE54-9A1E7A4F7556}") = "Workneering.User.Domain", "src\Workneering.User.Domain\Workneering.User.Domain.csproj", "{0E663DDC-F83A-4493-983A-DA8B0D1CE9CD}"
EndProject
Project("{9A19103F-16F7-4668-BE54-9A1E7A4F7556}") = "Workneering.User.Infrastructure", "src\Workneering.User.Infrastructure\Workneering.User.Infrastructure.csproj", "{ED597241-7E0E-4652-88E1-6406974C3040}"
EndProject
Project("{2150E333-8FDC-42A3-9474-1A3956D46DE8}") = "Workneering.Settings", "Workneering.Settings", "{12AAD758-9960-494E-8EE1-E3010944EDB4}"
EndProject
Project("{9A19103F-16F7-4668-BE54-9A1E7A4F7556}") = "Workneering.Settings.API", "src\Workneering.Settings.API\Workneering.Settings.API.csproj", "{2098C99B-19E9-4829-97A6-30B57ED2A633}"
EndProject
Project("{9A19103F-16F7-4668-BE54-9A1E7A4F7556}") = "Workneering.Settings.Domain", "src\Workneering.Settings.Domain\Workneering.Settings.Domain.csproj", "{FB69CF17-CC6A-4DD0-B0C5-A7524E50CC2E}"
EndProject
Project("{9A19103F-16F7-4668-BE54-9A1E7A4F7556}") = "Workneering.Settings.Application", "src\Workneering.Settings.Application\Workneering.Settings.Application.csproj", "{CA0B78C7-2417-43E2-8D38-1B070D3C94DC}"
EndProject
Project("{9A19103F-16F7-4668-BE54-9A1E7A4F7556}") = "Workneering.Settings.Infrastructure", "src\Workneering.Settings.Infrastructure\Workneering.Settings.Infrastructure.csproj", "{C81C2658-DCEC-4E0F-AE80-48D6AA1F5A3C}"
EndProject
Project("{2150E333-8FDC-42A3-9474-1A3956D46DE8}") = "Workneering.Project", "Workneering.Project", "{75A5C556-0EC4-4C9B-B9EC-BFABAFAA5569}"
EndProject
Project("{9A19103F-16F7-4668-BE54-9A1E7A4F7556}") = "Workneering.Project.API", "src\Workneering.Project.API\Workneering.Project.API.csproj", "{3E3DA8A0-3BA5-4EA1-B24A-036519C991CE}"
EndProject
Project("{9A19103F-16F7-4668-BE54-9A1E7A4F7556}") = "Workneering.Project.Application", "src\Workneering.Project.Application\Workneering.Project.Application.csproj", "{9080C080-8FE9-4E03-978B-E0498A175F77}"
EndProject
Project("{9A19103F-16F7-4668-BE54-9A1E7A4F7556}") = "Workneering.Project.Infrastructure", "src\Workneering.Project.Infrastructure\Workneering.Project.Infrastructure.csproj", "{ACB2FC41-67E1-4F4B-8BCE-86B263F9AD5F}"
EndProject
Project("{9A19103F-16F7-4668-BE54-9A1E7A4F7556}") = "Workneering.Project.Domain", "src\Workneering.Project.Domain\Workneering.Project.Domain.csproj", "{E836922D-0007-4F80-B26E-819FDD3F81A4}"
EndProject
Project("{FAE04EC0-301F-11D3-BF4B-00C04F79EFBC}") = "Workneering.Packages.Storage.AWS3", "src\Workneering.Packages.Storage.AWS3\Workneering.Packages.Storage.AWS3.csproj", "{66B700BB-6576-4C63-96AD-4A82E4F53C56}"
EndProject
Global
	GlobalSection(SolutionConfigurationPlatforms) = preSolution
		Debug|Any CPU = Debug|Any CPU
		Release|Any CPU = Release|Any CPU
	EndGlobalSection
	GlobalSection(ProjectConfigurationPlatforms) = postSolution
		{ACA3A89D-2354-4803-8638-6F56B22F4A17}.Debug|Any CPU.ActiveCfg = Debug|Any CPU
		{ACA3A89D-2354-4803-8638-6F56B22F4A17}.Debug|Any CPU.Build.0 = Debug|Any CPU
		{ACA3A89D-2354-4803-8638-6F56B22F4A17}.Release|Any CPU.ActiveCfg = Release|Any CPU
		{ACA3A89D-2354-4803-8638-6F56B22F4A17}.Release|Any CPU.Build.0 = Release|Any CPU
		{71C95F04-91A7-40B9-AA80-B8880D6A5D43}.Debug|Any CPU.ActiveCfg = Debug|Any CPU
		{71C95F04-91A7-40B9-AA80-B8880D6A5D43}.Debug|Any CPU.Build.0 = Debug|Any CPU
		{71C95F04-91A7-40B9-AA80-B8880D6A5D43}.Release|Any CPU.ActiveCfg = Release|Any CPU
		{71C95F04-91A7-40B9-AA80-B8880D6A5D43}.Release|Any CPU.Build.0 = Release|Any CPU
		{78E2E7CB-FF08-4191-8D59-89579C4275F1}.Debug|Any CPU.ActiveCfg = Debug|Any CPU
		{78E2E7CB-FF08-4191-8D59-89579C4275F1}.Debug|Any CPU.Build.0 = Debug|Any CPU
		{78E2E7CB-FF08-4191-8D59-89579C4275F1}.Release|Any CPU.ActiveCfg = Release|Any CPU
		{78E2E7CB-FF08-4191-8D59-89579C4275F1}.Release|Any CPU.Build.0 = Release|Any CPU
		{E331DB9B-DBB4-4B61-B375-E8859C4F5FF6}.Debug|Any CPU.ActiveCfg = Debug|Any CPU
		{E331DB9B-DBB4-4B61-B375-E8859C4F5FF6}.Debug|Any CPU.Build.0 = Debug|Any CPU
		{E331DB9B-DBB4-4B61-B375-E8859C4F5FF6}.Release|Any CPU.ActiveCfg = Release|Any CPU
		{E331DB9B-DBB4-4B61-B375-E8859C4F5FF6}.Release|Any CPU.Build.0 = Release|Any CPU
		{034B0536-18DA-43B5-8102-9445C010E314}.Debug|Any CPU.ActiveCfg = Debug|Any CPU
		{034B0536-18DA-43B5-8102-9445C010E314}.Debug|Any CPU.Build.0 = Debug|Any CPU
		{034B0536-18DA-43B5-8102-9445C010E314}.Release|Any CPU.ActiveCfg = Release|Any CPU
		{034B0536-18DA-43B5-8102-9445C010E314}.Release|Any CPU.Build.0 = Release|Any CPU
		{02CD3F06-1414-4ECF-AF37-47ABD8888849}.Debug|Any CPU.ActiveCfg = Debug|Any CPU
		{02CD3F06-1414-4ECF-AF37-47ABD8888849}.Debug|Any CPU.Build.0 = Debug|Any CPU
		{02CD3F06-1414-4ECF-AF37-47ABD8888849}.Release|Any CPU.ActiveCfg = Release|Any CPU
		{02CD3F06-1414-4ECF-AF37-47ABD8888849}.Release|Any CPU.Build.0 = Release|Any CPU
		{9AD82F6F-7F53-47A4-BE43-DFBC4AF8AA3A}.Debug|Any CPU.ActiveCfg = Debug|Any CPU
		{9AD82F6F-7F53-47A4-BE43-DFBC4AF8AA3A}.Debug|Any CPU.Build.0 = Debug|Any CPU
		{9AD82F6F-7F53-47A4-BE43-DFBC4AF8AA3A}.Release|Any CPU.ActiveCfg = Release|Any CPU
		{9AD82F6F-7F53-47A4-BE43-DFBC4AF8AA3A}.Release|Any CPU.Build.0 = Release|Any CPU
		{DC2238D9-B015-4E8F-9279-0898EA29837F}.Debug|Any CPU.ActiveCfg = Debug|Any CPU
		{DC2238D9-B015-4E8F-9279-0898EA29837F}.Debug|Any CPU.Build.0 = Debug|Any CPU
		{DC2238D9-B015-4E8F-9279-0898EA29837F}.Release|Any CPU.ActiveCfg = Release|Any CPU
		{DC2238D9-B015-4E8F-9279-0898EA29837F}.Release|Any CPU.Build.0 = Release|Any CPU
		{CD924164-5DFE-46FE-B1E8-3D1BFA03D397}.Debug|Any CPU.ActiveCfg = Debug|Any CPU
		{CD924164-5DFE-46FE-B1E8-3D1BFA03D397}.Debug|Any CPU.Build.0 = Debug|Any CPU
		{CD924164-5DFE-46FE-B1E8-3D1BFA03D397}.Release|Any CPU.ActiveCfg = Release|Any CPU
		{CD924164-5DFE-46FE-B1E8-3D1BFA03D397}.Release|Any CPU.Build.0 = Release|Any CPU
		{8C98BEC9-A04C-4DAF-95BA-BC45D5AD69F5}.Debug|Any CPU.ActiveCfg = Debug|Any CPU
		{8C98BEC9-A04C-4DAF-95BA-BC45D5AD69F5}.Debug|Any CPU.Build.0 = Debug|Any CPU
		{8C98BEC9-A04C-4DAF-95BA-BC45D5AD69F5}.Release|Any CPU.ActiveCfg = Release|Any CPU
		{8C98BEC9-A04C-4DAF-95BA-BC45D5AD69F5}.Release|Any CPU.Build.0 = Release|Any CPU
		{90ABEFDC-61B8-4FCB-85DD-6B6EEF3CC8EE}.Debug|Any CPU.ActiveCfg = Debug|Any CPU
		{90ABEFDC-61B8-4FCB-85DD-6B6EEF3CC8EE}.Debug|Any CPU.Build.0 = Debug|Any CPU
		{90ABEFDC-61B8-4FCB-85DD-6B6EEF3CC8EE}.Release|Any CPU.ActiveCfg = Release|Any CPU
		{90ABEFDC-61B8-4FCB-85DD-6B6EEF3CC8EE}.Release|Any CPU.Build.0 = Release|Any CPU
		{52BC86D2-9DBC-4A9E-9B68-8809AB5B7341}.Debug|Any CPU.ActiveCfg = Debug|Any CPU
		{52BC86D2-9DBC-4A9E-9B68-8809AB5B7341}.Debug|Any CPU.Build.0 = Debug|Any CPU
		{52BC86D2-9DBC-4A9E-9B68-8809AB5B7341}.Release|Any CPU.ActiveCfg = Release|Any CPU
		{52BC86D2-9DBC-4A9E-9B68-8809AB5B7341}.Release|Any CPU.Build.0 = Release|Any CPU
		{520FA36E-2EE7-41AE-847D-9857EFC7F264}.Debug|Any CPU.ActiveCfg = Debug|Any CPU
		{520FA36E-2EE7-41AE-847D-9857EFC7F264}.Debug|Any CPU.Build.0 = Debug|Any CPU
		{520FA36E-2EE7-41AE-847D-9857EFC7F264}.Release|Any CPU.ActiveCfg = Release|Any CPU
		{520FA36E-2EE7-41AE-847D-9857EFC7F264}.Release|Any CPU.Build.0 = Release|Any CPU
		{DFEABFF3-E25C-47E0-BA4F-C62E75EB0EC9}.Debug|Any CPU.ActiveCfg = Debug|Any CPU
		{DFEABFF3-E25C-47E0-BA4F-C62E75EB0EC9}.Debug|Any CPU.Build.0 = Debug|Any CPU
		{DFEABFF3-E25C-47E0-BA4F-C62E75EB0EC9}.Release|Any CPU.ActiveCfg = Release|Any CPU
		{DFEABFF3-E25C-47E0-BA4F-C62E75EB0EC9}.Release|Any CPU.Build.0 = Release|Any CPU
		{F5AEDC3A-6C98-4FFD-A124-EADFDB2C8E83}.Debug|Any CPU.ActiveCfg = Debug|Any CPU
		{F5AEDC3A-6C98-4FFD-A124-EADFDB2C8E83}.Debug|Any CPU.Build.0 = Debug|Any CPU
		{F5AEDC3A-6C98-4FFD-A124-EADFDB2C8E83}.Release|Any CPU.ActiveCfg = Release|Any CPU
		{F5AEDC3A-6C98-4FFD-A124-EADFDB2C8E83}.Release|Any CPU.Build.0 = Release|Any CPU
		{0E663DDC-F83A-4493-983A-DA8B0D1CE9CD}.Debug|Any CPU.ActiveCfg = Debug|Any CPU
		{0E663DDC-F83A-4493-983A-DA8B0D1CE9CD}.Debug|Any CPU.Build.0 = Debug|Any CPU
		{0E663DDC-F83A-4493-983A-DA8B0D1CE9CD}.Release|Any CPU.ActiveCfg = Release|Any CPU
		{0E663DDC-F83A-4493-983A-DA8B0D1CE9CD}.Release|Any CPU.Build.0 = Release|Any CPU
		{ED597241-7E0E-4652-88E1-6406974C3040}.Debug|Any CPU.ActiveCfg = Debug|Any CPU
		{ED597241-7E0E-4652-88E1-6406974C3040}.Debug|Any CPU.Build.0 = Debug|Any CPU
		{ED597241-7E0E-4652-88E1-6406974C3040}.Release|Any CPU.ActiveCfg = Release|Any CPU
		{ED597241-7E0E-4652-88E1-6406974C3040}.Release|Any CPU.Build.0 = Release|Any CPU
		{2098C99B-19E9-4829-97A6-30B57ED2A633}.Debug|Any CPU.ActiveCfg = Debug|Any CPU
		{2098C99B-19E9-4829-97A6-30B57ED2A633}.Debug|Any CPU.Build.0 = Debug|Any CPU
		{2098C99B-19E9-4829-97A6-30B57ED2A633}.Release|Any CPU.ActiveCfg = Release|Any CPU
		{2098C99B-19E9-4829-97A6-30B57ED2A633}.Release|Any CPU.Build.0 = Release|Any CPU
		{FB69CF17-CC6A-4DD0-B0C5-A7524E50CC2E}.Debug|Any CPU.ActiveCfg = Debug|Any CPU
		{FB69CF17-CC6A-4DD0-B0C5-A7524E50CC2E}.Debug|Any CPU.Build.0 = Debug|Any CPU
		{FB69CF17-CC6A-4DD0-B0C5-A7524E50CC2E}.Release|Any CPU.ActiveCfg = Release|Any CPU
		{FB69CF17-CC6A-4DD0-B0C5-A7524E50CC2E}.Release|Any CPU.Build.0 = Release|Any CPU
		{CA0B78C7-2417-43E2-8D38-1B070D3C94DC}.Debug|Any CPU.ActiveCfg = Debug|Any CPU
		{CA0B78C7-2417-43E2-8D38-1B070D3C94DC}.Debug|Any CPU.Build.0 = Debug|Any CPU
		{CA0B78C7-2417-43E2-8D38-1B070D3C94DC}.Release|Any CPU.ActiveCfg = Release|Any CPU
		{CA0B78C7-2417-43E2-8D38-1B070D3C94DC}.Release|Any CPU.Build.0 = Release|Any CPU
		{C81C2658-DCEC-4E0F-AE80-48D6AA1F5A3C}.Debug|Any CPU.ActiveCfg = Debug|Any CPU
		{C81C2658-DCEC-4E0F-AE80-48D6AA1F5A3C}.Debug|Any CPU.Build.0 = Debug|Any CPU
		{C81C2658-DCEC-4E0F-AE80-48D6AA1F5A3C}.Release|Any CPU.ActiveCfg = Release|Any CPU
		{C81C2658-DCEC-4E0F-AE80-48D6AA1F5A3C}.Release|Any CPU.Build.0 = Release|Any CPU
		{3E3DA8A0-3BA5-4EA1-B24A-036519C991CE}.Debug|Any CPU.ActiveCfg = Debug|Any CPU
		{3E3DA8A0-3BA5-4EA1-B24A-036519C991CE}.Debug|Any CPU.Build.0 = Debug|Any CPU
		{3E3DA8A0-3BA5-4EA1-B24A-036519C991CE}.Release|Any CPU.ActiveCfg = Release|Any CPU
		{3E3DA8A0-3BA5-4EA1-B24A-036519C991CE}.Release|Any CPU.Build.0 = Release|Any CPU
		{9080C080-8FE9-4E03-978B-E0498A175F77}.Debug|Any CPU.ActiveCfg = Debug|Any CPU
		{9080C080-8FE9-4E03-978B-E0498A175F77}.Debug|Any CPU.Build.0 = Debug|Any CPU
		{9080C080-8FE9-4E03-978B-E0498A175F77}.Release|Any CPU.ActiveCfg = Release|Any CPU
		{9080C080-8FE9-4E03-978B-E0498A175F77}.Release|Any CPU.Build.0 = Release|Any CPU
		{ACB2FC41-67E1-4F4B-8BCE-86B263F9AD5F}.Debug|Any CPU.ActiveCfg = Debug|Any CPU
		{ACB2FC41-67E1-4F4B-8BCE-86B263F9AD5F}.Debug|Any CPU.Build.0 = Debug|Any CPU
		{ACB2FC41-67E1-4F4B-8BCE-86B263F9AD5F}.Release|Any CPU.ActiveCfg = Release|Any CPU
		{ACB2FC41-67E1-4F4B-8BCE-86B263F9AD5F}.Release|Any CPU.Build.0 = Release|Any CPU
		{E836922D-0007-4F80-B26E-819FDD3F81A4}.Debug|Any CPU.ActiveCfg = Debug|Any CPU
		{E836922D-0007-4F80-B26E-819FDD3F81A4}.Debug|Any CPU.Build.0 = Debug|Any CPU
		{E836922D-0007-4F80-B26E-819FDD3F81A4}.Release|Any CPU.ActiveCfg = Release|Any CPU
		{E836922D-0007-4F80-B26E-819FDD3F81A4}.Release|Any CPU.Build.0 = Release|Any CPU
		{66B700BB-6576-4C63-96AD-4A82E4F53C56}.Debug|Any CPU.ActiveCfg = Debug|Any CPU
		{66B700BB-6576-4C63-96AD-4A82E4F53C56}.Debug|Any CPU.Build.0 = Debug|Any CPU
		{66B700BB-6576-4C63-96AD-4A82E4F53C56}.Release|Any CPU.ActiveCfg = Release|Any CPU
		{66B700BB-6576-4C63-96AD-4A82E4F53C56}.Release|Any CPU.Build.0 = Release|Any CPU
	EndGlobalSection
	GlobalSection(SolutionProperties) = preSolution
		HideSolutionNode = FALSE
	EndGlobalSection
	GlobalSection(NestedProjects) = preSolution
		{71C95F04-91A7-40B9-AA80-B8880D6A5D43} = {41EB3396-4B79-4448-BC99-6ECCCB3723A2}
		{78E2E7CB-FF08-4191-8D59-89579C4275F1} = {41EB3396-4B79-4448-BC99-6ECCCB3723A2}
		{E331DB9B-DBB4-4B61-B375-E8859C4F5FF6} = {41EB3396-4B79-4448-BC99-6ECCCB3723A2}
		{034B0536-18DA-43B5-8102-9445C010E314} = {41EB3396-4B79-4448-BC99-6ECCCB3723A2}
		{02CD3F06-1414-4ECF-AF37-47ABD8888849} = {41EB3396-4B79-4448-BC99-6ECCCB3723A2}
		{F5A114BF-BCC6-4478-85EA-8405ABA08AA7} = {162983B8-BB33-43D9-BBFB-F4CD03BA5E0A}
		{9AD82F6F-7F53-47A4-BE43-DFBC4AF8AA3A} = {F5A114BF-BCC6-4478-85EA-8405ABA08AA7}
		{DC2238D9-B015-4E8F-9279-0898EA29837F} = {F5A114BF-BCC6-4478-85EA-8405ABA08AA7}
		{CD924164-5DFE-46FE-B1E8-3D1BFA03D397} = {F5A114BF-BCC6-4478-85EA-8405ABA08AA7}
		{8C98BEC9-A04C-4DAF-95BA-BC45D5AD69F5} = {F5A114BF-BCC6-4478-85EA-8405ABA08AA7}
		{C89D68C4-1CE9-4A89-BE6A-BAC5E1E420EF} = {162983B8-BB33-43D9-BBFB-F4CD03BA5E0A}
		{90ABEFDC-61B8-4FCB-85DD-6B6EEF3CC8EE} = {F6C93FD1-C8FE-4EEC-AD21-C5A7A3127998}
		{52BC86D2-9DBC-4A9E-9B68-8809AB5B7341} = {F6C93FD1-C8FE-4EEC-AD21-C5A7A3127998}
		{520FA36E-2EE7-41AE-847D-9857EFC7F264} = {C89D68C4-1CE9-4A89-BE6A-BAC5E1E420EF}
		{DFEABFF3-E25C-47E0-BA4F-C62E75EB0EC9} = {F89DE1BA-C415-4E70-B9B6-650C0DF9842F}
		{F5AEDC3A-6C98-4FFD-A124-EADFDB2C8E83} = {C89D68C4-1CE9-4A89-BE6A-BAC5E1E420EF}
		{0E663DDC-F83A-4493-983A-DA8B0D1CE9CD} = {C89D68C4-1CE9-4A89-BE6A-BAC5E1E420EF}
		{ED597241-7E0E-4652-88E1-6406974C3040} = {C89D68C4-1CE9-4A89-BE6A-BAC5E1E420EF}
		{12AAD758-9960-494E-8EE1-E3010944EDB4} = {162983B8-BB33-43D9-BBFB-F4CD03BA5E0A}
		{2098C99B-19E9-4829-97A6-30B57ED2A633} = {12AAD758-9960-494E-8EE1-E3010944EDB4}
		{FB69CF17-CC6A-4DD0-B0C5-A7524E50CC2E} = {12AAD758-9960-494E-8EE1-E3010944EDB4}
		{CA0B78C7-2417-43E2-8D38-1B070D3C94DC} = {12AAD758-9960-494E-8EE1-E3010944EDB4}
		{C81C2658-DCEC-4E0F-AE80-48D6AA1F5A3C} = {12AAD758-9960-494E-8EE1-E3010944EDB4}
		{75A5C556-0EC4-4C9B-B9EC-BFABAFAA5569} = {162983B8-BB33-43D9-BBFB-F4CD03BA5E0A}
		{3E3DA8A0-3BA5-4EA1-B24A-036519C991CE} = {75A5C556-0EC4-4C9B-B9EC-BFABAFAA5569}
		{9080C080-8FE9-4E03-978B-E0498A175F77} = {75A5C556-0EC4-4C9B-B9EC-BFABAFAA5569}
		{ACB2FC41-67E1-4F4B-8BCE-86B263F9AD5F} = {75A5C556-0EC4-4C9B-B9EC-BFABAFAA5569}
		{E836922D-0007-4F80-B26E-819FDD3F81A4} = {75A5C556-0EC4-4C9B-B9EC-BFABAFAA5569}
		{66B700BB-6576-4C63-96AD-4A82E4F53C56} = {F6C93FD1-C8FE-4EEC-AD21-C5A7A3127998}
	EndGlobalSection
	GlobalSection(ExtensibilityGlobals) = postSolution
		SolutionGuid = {C64C2BEE-DEEE-46D8-A36D-F0C68C595E8D}
	EndGlobalSection
EndGlobal
